("quicklisp" .
 (:class qlot/source/dist:source-dist
  :initargs (:distribution "http://beta.quicklisp.org/dist/quicklisp.txt" :%version :latest)
  :version "2021-12-30"))
("ultralisp" .
 (:class qlot/source/dist:source-dist
  :initargs (:distribution "http://dist.ultralisp.org" :%version :latest)
  :version "20220128071000"))
("coleslaw" .
 (:class qlot/source/github:source-github
  :initargs (:repos "coleslaw-org/coleslaw" :ref nil :branch nil :tag nil)
  :version "github-105d3a5df0a751930fbb4d4a078402695cc11da4"))
("mgl-pax" .
 (:class qlot/source/github:source-github
  :initargs (:repos "svetlyak40wt/mgl-pax" :ref nil :branch "patches" :tag nil)
  :version "github-0de5bb932e614dbaba3d6037867bab5254bb4d35"))
